
Microsoft Visual Studio Solution File, Format Version 12.00
# Visual Studio Version 16
VisualStudioVersion = 16.0.31402.337
MinimumVisualStudioVersion = 10.0.40219.1
Project("{FAE04EC0-301F-11D3-BF4B-00C04F79EFBC}") = "BackgroundServices", "BackgroundServices\BackgroundServices.csproj", "{7B475281-22DF-4386-B946-94BEDC5F8499}"
EndProject
Global
	GlobalSection(SolutionConfigurationPlatforms) = preSolution
		Debug|Any CPU = Debug|Any CPU
		Release|Any CPU = Release|Any CPU
	EndGlobalSection
	GlobalSection(ProjectConfigurationPlatforms) = postSolution
		{7B475281-22DF-4386-B946-94BEDC5F8499}.Debug|Any CPU.ActiveCfg = Debug|Any CPU
		{7B475281-22DF-4386-B946-94BEDC5F8499}.Debug|Any CPU.Build.0 = Debug|Any CPU
		{7B475281-22DF-4386-B946-94BEDC5F8499}.Release|Any CPU.ActiveCfg = Release|Any CPU
		{7B475281-22DF-4386-B946-94BEDC5F8499}.Release|Any CPU.Build.0 = Release|Any CPU
	EndGlobalSection
	GlobalSection(SolutionProperties) = preSolution
		HideSolutionNode = FALSE
	EndGlobalSection
	GlobalSection(ExtensibilityGlobals) = postSolution
		SolutionGuid = {F5CA0EAE-563B-4548-BDFE-7C900F5BA362}
	EndGlobalSection
EndGlobal
